
Microsoft Visual Studio Solution File, Format Version 12.00
# Visual Studio Version 16
VisualStudioVersion = 16.0.29911.84
MinimumVisualStudioVersion = 10.0.40219.1
Project("{9A19103F-16F7-4668-BE54-9A1E7A4F7556}") = "Interface", "Interface\Interface.csproj", "{8948F386-4BF6-439A-A7A7-6F1E31BF2A96}"
EndProject
Project("{8BC9CEB8-8B4A-11D0-8D11-00A0C91BC942}") = "Engine", "Engine\Engine.vcxproj", "{8B1AC675-85B0-4AE6-88AB-89BD80B20EB7}"
EndProject
Global
	GlobalSection(SolutionConfigurationPlatforms) = preSolution
		Debug|Any CPU = Debug|Any CPU
		Debug|x64 = Debug|x64
		Debug|x86 = Debug|x86
		Release|Any CPU = Release|Any CPU
		Release|x64 = Release|x64
		Release|x86 = Release|x86
	EndGlobalSection
	GlobalSection(ProjectConfigurationPlatforms) = postSolution
		{8948F386-4BF6-439A-A7A7-6F1E31BF2A96}.Debug|Any CPU.ActiveCfg = Debug|Any CPU
		{8948F386-4BF6-439A-A7A7-6F1E31BF2A96}.Debug|Any CPU.Build.0 = Debug|Any CPU
		{8948F386-4BF6-439A-A7A7-6F1E31BF2A96}.Debug|x64.ActiveCfg = Debug|Any CPU
		{8948F386-4BF6-439A-A7A7-6F1E31BF2A96}.Debug|x64.Build.0 = Debug|Any CPU
		{8948F386-4BF6-439A-A7A7-6F1E31BF2A96}.Debug|x86.ActiveCfg = Debug|Any CPU
		{8948F386-4BF6-439A-A7A7-6F1E31BF2A96}.Debug|x86.Build.0 = Debug|Any CPU
		{8948F386-4BF6-439A-A7A7-6F1E31BF2A96}.Release|Any CPU.ActiveCfg = Release|Any CPU
		{8948F386-4BF6-439A-A7A7-6F1E31BF2A96}.Release|Any CPU.Build.0 = Release|Any CPU
		{8948F386-4BF6-439A-A7A7-6F1E31BF2A96}.Release|x64.ActiveCfg = Release|Any CPU
		{8948F386-4BF6-439A-A7A7-6F1E31BF2A96}.Release|x64.Build.0 = Release|Any CPU
		{8948F386-4BF6-439A-A7A7-6F1E31BF2A96}.Release|x86.ActiveCfg = Release|Any CPU
		{8948F386-4BF6-439A-A7A7-6F1E31BF2A96}.Release|x86.Build.0 = Release|Any CPU
		{8B1AC675-85B0-4AE6-88AB-89BD80B20EB7}.Debug|Any CPU.ActiveCfg = Debug|Win32
		{8B1AC675-85B0-4AE6-88AB-89BD80B20EB7}.Debug|x64.ActiveCfg = Debug|Win32
		{8B1AC675-85B0-4AE6-88AB-89BD80B20EB7}.Debug|x64.Build.0 = Debug|Win32
		{8B1AC675-85B0-4AE6-88AB-89BD80B20EB7}.Debug|x86.ActiveCfg = Debug|Win32
		{8B1AC675-85B0-4AE6-88AB-89BD80B20EB7}.Debug|x86.Build.0 = Debug|Win32
		{8B1AC675-85B0-4AE6-88AB-89BD80B20EB7}.Release|Any CPU.ActiveCfg = Release|Win32
		{8B1AC675-85B0-4AE6-88AB-89BD80B20EB7}.Release|x64.ActiveCfg = Release|x64
		{8B1AC675-85B0-4AE6-88AB-89BD80B20EB7}.Release|x64.Build.0 = Release|x64
		{8B1AC675-85B0-4AE6-88AB-89BD80B20EB7}.Release|x86.ActiveCfg = Release|Win32
		{8B1AC675-85B0-4AE6-88AB-89BD80B20EB7}.Release|x86.Build.0 = Release|Win32
	EndGlobalSection
	GlobalSection(SolutionProperties) = preSolution
		HideSolutionNode = FALSE
	EndGlobalSection
	GlobalSection(ExtensibilityGlobals) = postSolution
		SolutionGuid = {70BB81F5-10DB-414C-9F72-AE53782056C1}
	EndGlobalSection
EndGlobal
